
Microsoft Visual Studio Solution File, Format Version 12.00
# Visual Studio Version 17
VisualStudioVersion = 17.9.34714.143
MinimumVisualStudioVersion = 10.0.40219.1
Project("{FAE04EC0-301F-11D3-BF4B-00C04F79EFBC}") = "ShiftsLogger.BBualdo", "ShiftsLogger.BBualdo\ShiftsLogger.BBualdo.csproj", "{20CFD9FD-8B4A-4D2F-A7B9-A794AE4CE1CB}"
EndProject
Global
	GlobalSection(SolutionConfigurationPlatforms) = preSolution
		Debug|Any CPU = Debug|Any CPU
		Release|Any CPU = Release|Any CPU
	EndGlobalSection
	GlobalSection(ProjectConfigurationPlatforms) = postSolution
		{20CFD9FD-8B4A-4D2F-A7B9-A794AE4CE1CB}.Debug|Any CPU.ActiveCfg = Debug|Any CPU
		{20CFD9FD-8B4A-4D2F-A7B9-A794AE4CE1CB}.Debug|Any CPU.Build.0 = Debug|Any CPU
		{20CFD9FD-8B4A-4D2F-A7B9-A794AE4CE1CB}.Release|Any CPU.ActiveCfg = Release|Any CPU
		{20CFD9FD-8B4A-4D2F-A7B9-A794AE4CE1CB}.Release|Any CPU.Build.0 = Release|Any CPU
	EndGlobalSection
	GlobalSection(SolutionProperties) = preSolution
		HideSolutionNode = FALSE
	EndGlobalSection
	GlobalSection(ExtensibilityGlobals) = postSolution
		SolutionGuid = {6C475257-0F21-4D27-A49F-7065BFFC25A5}
	EndGlobalSection
EndGlobal
